{
    "name": "Moon-Squid",
    "lockfileVersion": 3,
    "requires": true,
    "packages": {
        "": {
            "devDependencies": {
                "pigeon-mode-game-library": "evannorton/pigeon-mode-game-library",
                "typescript": "5.0.4"
            },
            "engines": {
                "node": "18.16.0",
                "npm": "9.5.1"
            }
        },
        "node_modules/pigeon-mode-game-library": {
            "resolved": "git+ssh://git@github.com/evannorton/pigeon-mode-game-library.git#4597815fd58cb88754c01da84fc24a9bbda855d9",
            "dev": true,
            "bin": {
                "pigeon": "cli/index.js"
            },
            "engines": {
                "node": "18.16.0",
                "npm": "9.5.1"
            }
        },
        "node_modules/typescript": {
            "version": "5.0.4",
            "resolved": "https://registry.npmjs.org/typescript/-/typescript-5.0.4.tgz",
            "integrity": "sha512-cW9T5W9xY37cc+jfEnaUvX91foxtHkza3Nw3wkoF4sSlKn0MONdkdEndig/qPBWXNkmplh3NzayQzCiHM4/hqw==",
            "dev": true,
            "bin": {
                "tsc": "bin/tsc",
                "tsserver": "bin/tsserver"
            },
            "engines": {
                "node": ">=12.20"
            }
        }
    }
}
